// !$*UTF8*$!
{
	archiveVersion = 1;
	classes = {
	};
	objectVersion = 46;
	objects = {

/* Begin PBXBuildFile section */
		AD0246C622816870301215BC /* libPods-ObjcFacebookLoginApp.a in Frameworks */ = {isa = PBXBuildFile; fileRef = 8FA9CC1464D67961BA5F25E3 /* libPods-ObjcFacebookLoginApp.a */; };
		BDC3F5981D06A8FD00CE83EF /* main.m in Sources */ = {isa = PBXBuildFile; fileRef = BDC3F5971D06A8FD00CE83EF /* main.m */; };
		BDC3F59B1D06A8FD00CE83EF /* AppDelegate.m in Sources */ = {isa = PBXBuildFile; fileRef = BDC3F59A1D06A8FD00CE83EF /* AppDelegate.m */; };
		BDC3F59E1D06A8FD00CE83EF /* LoginViewController.m in Sources */ = {isa = PBXBuildFile; fileRef = BDC3F59D1D06A8FD00CE83EF /* LoginViewController.m */; };
		BDC3F5A11D06A8FD00CE83EF /* Main.storyboard in Resources */ = {isa = PBXBuildFile; fileRef = BDC3F59F1D06A8FD00CE83EF /* Main.storyboard */; };
		BDC3F5A31D06A8FD00CE83EF /* Assets.xcassets in Resources */ = {isa = PBXBuildFile; fileRef = BDC3F5A21D06A8FD00CE83EF /* Assets.xcassets */; };
		BDC3F5A61D06A8FD00CE83EF /* LaunchScreen.storyboard in Resources */ = {isa = PBXBuildFile; fileRef = BDC3F5A41D06A8FD00CE83EF /* LaunchScreen.storyboard */; };
		BDC3F5AE1D06B07900CE83EF /* LogoutViewController.m in Sources */ = {isa = PBXBuildFile; fileRef = BDC3F5AD1D06B07900CE83EF /* LogoutViewController.m */; };
/* End PBXBuildFile section */

/* Begin PBXFileReference section */
		873B8C7E169E47CD686305AF /* Pods-ObjcFacebookLoginApp.debug.xcconfig */ = {isa = PBXFileReference; includeInIndex = 1; lastKnownFileType = text.xcconfig; name = "Pods-ObjcFacebookLoginApp.debug.xcconfig"; path = "Pods/Target Support Files/Pods-ObjcFacebookLoginApp/Pods-ObjcFacebookLoginApp.debug.xcconfig"; sourceTree = "<group>"; };
		8FA9CC1464D67961BA5F25E3 /* libPods-ObjcFacebookLoginApp.a */ = {isa = PBXFileReference; explicitFileType = archive.ar; includeInIndex = 0; path = "libPods-ObjcFacebookLoginApp.a"; sourceTree = BUILT_PRODUCTS_DIR; };
		BDC3F5931D06A8FD00CE83EF /* ObjcFacebookLoginApp.app */ = {isa = PBXFileReference; explicitFileType = wrapper.application; includeInIndex = 0; path = ObjcFacebookLoginApp.app; sourceTree = BUILT_PRODUCTS_DIR; };
		BDC3F5971D06A8FD00CE83EF /* main.m */ = {isa = PBXFileReference; lastKnownFileType = sourcecode.c.objc; path = main.m; sourceTree = "<group>"; };
		BDC3F5991D06A8FD00CE83EF /* AppDelegate.h */ = {isa = PBXFileReference; lastKnownFileType = sourcecode.c.h; path = AppDelegate.h; sourceTree = "<group>"; };
		BDC3F59A1D06A8FD00CE83EF /* AppDelegate.m */ = {isa = PBXFileReference; lastKnownFileType = sourcecode.c.objc; path = AppDelegate.m; sourceTree = "<group>"; };
		BDC3F59C1D06A8FD00CE83EF /* LoginViewController.h */ = {isa = PBXFileReference; lastKnownFileType = sourcecode.c.h; path = LoginViewController.h; sourceTree = "<group>"; };
		BDC3F59D1D06A8FD00CE83EF /* LoginViewController.m */ = {isa = PBXFileReference; lastKnownFileType = sourcecode.c.objc; path = LoginViewController.m; sourceTree = "<group>"; };
		BDC3F5A01D06A8FD00CE83EF /* Base */ = {isa = PBXFileReference; lastKnownFileType = file.storyboard; name = Base; path = Base.lproj/Main.storyboard; sourceTree = "<group>"; };
		BDC3F5A21D06A8FD00CE83EF /* Assets.xcassets */ = {isa = PBXFileReference; lastKnownFileType = folder.assetcatalog; path = Assets.xcassets; sourceTree = "<group>"; };
		BDC3F5A51D06A8FD00CE83EF /* Base */ = {isa = PBXFileReference; lastKnownFileType = file.storyboard; name = Base; path = Base.lproj/LaunchScreen.storyboard; sourceTree = "<group>"; };
		BDC3F5A71D06A8FD00CE83EF /* Info.plist */ = {isa = PBXFileReference; lastKnownFileType = text.plist.xml; path = Info.plist; sourceTree = "<group>"; };
		BDC3F5AD1D06B07900CE83EF /* LogoutViewController.m */ = {isa = PBXFileReference; fileEncoding = 4; lastKnownFileType = sourcecode.c.objc; path = LogoutViewController.m; sourceTree = "<group>"; };
		BDC3F5AF1D06B09300CE83EF /* LogoutViewController.h */ = {isa = PBXFileReference; lastKnownFileType = sourcecode.c.h; path = LogoutViewController.h; sourceTree = "<group>"; };
		E30F9C76ECD4BC7611076626 /* Pods-ObjcFacebookLoginApp.release.xcconfig */ = {isa = PBXFileReference; includeInIndex = 1; lastKnownFileType = text.xcconfig; name = "Pods-ObjcFacebookLoginApp.release.xcconfig"; path = "Pods/Target Support Files/Pods-ObjcFacebookLoginApp/Pods-ObjcFacebookLoginApp.release.xcconfig"; sourceTree = "<group>"; };
/* End PBXFileReference section */

/* Begin PBXFrameworksBuildPhase section */
		BDC3F5901D06A8FD00CE83EF /* Frameworks */ = {
			isa = PBXFrameworksBuildPhase;
			buildActionMask = 2147483647;
			files = (
				AD0246C622816870301215BC /* libPods-ObjcFacebookLoginApp.a in Frameworks */,
			);
			runOnlyForDeploymentPostprocessing = 0;
		};
/* End PBXFrameworksBuildPhase section */

/* Begin PBXGroup section */
		2165B2500CC27111B10668C8 /* Pods */ = {
			isa = PBXGroup;
			children = (
				873B8C7E169E47CD686305AF /* Pods-ObjcFacebookLoginApp.debug.xcconfig */,
				E30F9C76ECD4BC7611076626 /* Pods-ObjcFacebookLoginApp.release.xcconfig */,
			);
			name = Pods;
			sourceTree = "<group>";
		};
		237A404FB045EDF7027AC5C8 /* Frameworks */ = {
			isa = PBXGroup;
			children = (
				8FA9CC1464D67961BA5F25E3 /* libPods-ObjcFacebookLoginApp.a */,
			);
			name = Frameworks;
			sourceTree = "<group>";
		};
		BDC3F58A1D06A8FD00CE83EF = {
			isa = PBXGroup;
			children = (
				BDC3F5951D06A8FD00CE83EF /* ObjcFacebookLoginApp */,
				BDC3F5941D06A8FD00CE83EF /* Products */,
				2165B2500CC27111B10668C8 /* Pods */,
				237A404FB045EDF7027AC5C8 /* Frameworks */,
			);
			sourceTree = "<group>";
		};
		BDC3F5941D06A8FD00CE83EF /* Products */ = {
			isa = PBXGroup;
			children = (
				BDC3F5931D06A8FD00CE83EF /* ObjcFacebookLoginApp.app */,
			);
			name = Products;
			sourceTree = "<group>";
		};
		BDC3F5951D06A8FD00CE83EF /* ObjcFacebookLoginApp */ = {
			isa = PBXGroup;
			children = (
				BDC3F5991D06A8FD00CE83EF /* AppDelegate.h */,
				BDC3F59A1D06A8FD00CE83EF /* AppDelegate.m */,
				BDC3F59C1D06A8FD00CE83EF /* LoginViewController.h */,
				BDC3F59D1D06A8FD00CE83EF /* LoginViewController.m */,
				BDC3F5AF1D06B09300CE83EF /* LogoutViewController.h */,
				BDC3F5AD1D06B07900CE83EF /* LogoutViewController.m */,
				BDC3F59F1D06A8FD00CE83EF /* Main.storyboard */,
				BDC3F5A21D06A8FD00CE83EF /* Assets.xcassets */,
				BDC3F5A41D06A8FD00CE83EF /* LaunchScreen.storyboard */,
				BDC3F5A71D06A8FD00CE83EF /* Info.plist */,
				BDC3F5961D06A8FD00CE83EF /* Supporting Files */,
			);
			path = ObjcFacebookLoginApp;
			sourceTree = "<group>";
		};
		BDC3F5961D06A8FD00CE83EF /* Supporting Files */ = {
			isa = PBXGroup;
			children = (
				BDC3F5971D06A8FD00CE83EF /* main.m */,
			);
			name = "Supporting Files";
			sourceTree = "<group>";
		};
/* End PBXGroup section */

/* Begin PBXNativeTarget section */
		BDC3F5921D06A8FD00CE83EF /* ObjcFacebookLoginApp */ = {
			isa = PBXNativeTarget;
			buildConfigurationList = BDC3F5AA1D06A8FD00CE83EF /* Build configuration list for PBXNativeTarget "ObjcFacebookLoginApp" */;
			buildPhases = (
				6B28BD02EE07FD68246D3D39 /* 📦 Check Pods Manifest.lock */,
				BDC3F58F1D06A8FD00CE83EF /* Sources */,
				BDC3F5901D06A8FD00CE83EF /* Frameworks */,
				BDC3F5911D06A8FD00CE83EF /* Resources */,
				CB2C8C95C5C00296645D866B /* 📦 Embed Pods Frameworks */,
				E328FF1DB758904E966D1EBC /* 📦 Copy Pods Resources */,
			);
			buildRules = (
			);
			dependencies = (
			);
			name = ObjcFacebookLoginApp;
			productName = ObjcFacebookLoginApp;
			productReference = BDC3F5931D06A8FD00CE83EF /* ObjcFacebookLoginApp.app */;
			productType = "com.apple.product-type.application";
		};
/* End PBXNativeTarget section */

/* Begin PBXProject section */
		BDC3F58B1D06A8FD00CE83EF /* Project object */ = {
			isa = PBXProject;
			attributes = {
				LastUpgradeCheck = 0720;
				ORGANIZATIONNAME = "NIFTY Corporation";
				TargetAttributes = {
					BDC3F5921D06A8FD00CE83EF = {
						CreatedOnToolsVersion = 7.2.1;
						DevelopmentTeam = KKEABKJHRA;
					};
				};
			};
			buildConfigurationList = BDC3F58E1D06A8FD00CE83EF /* Build configuration list for PBXProject "ObjcFacebookLoginApp" */;
			compatibilityVersion = "Xcode 3.2";
			developmentRegion = English;
			hasScannedForEncodings = 0;
			knownRegions = (
				en,
				Base,
			);
			mainGroup = BDC3F58A1D06A8FD00CE83EF;
			productRefGroup = BDC3F5941D06A8FD00CE83EF /* Products */;
			projectDirPath = "";
			projectRoot = "";
			targets = (
				BDC3F5921D06A8FD00CE83EF /* ObjcFacebookLoginApp */,
			);
		};
/* End PBXProject section */

/* Begin PBXResourcesBuildPhase section */
		BDC3F5911D06A8FD00CE83EF /* Resources */ = {
			isa = PBXResourcesBuildPhase;
			buildActionMask = 2147483647;
			files = (
				BDC3F5A61D06A8FD00CE83EF /* LaunchScreen.storyboard in Resources */,
				BDC3F5A31D06A8FD00CE83EF /* Assets.xcassets in Resources */,
				BDC3F5A11D06A8FD00CE83EF /* Main.storyboard in Resources */,
			);
			runOnlyForDeploymentPostprocessing = 0;
		};
/* End PBXResourcesBuildPhase section */

/* Begin PBXShellScriptBuildPhase section */
		6B28BD02EE07FD68246D3D39 /* 📦 Check Pods Manifest.lock */ = {
			isa = PBXShellScriptBuildPhase;
			buildActionMask = 2147483647;
			files = (
			);
			inputPaths = (
			);
			name = "📦 Check Pods Manifest.lock";
			outputPaths = (
			);
			runOnlyForDeploymentPostprocessing = 0;
			shellPath = /bin/sh;
			shellScript = "diff \"${PODS_ROOT}/../Podfile.lock\" \"${PODS_ROOT}/Manifest.lock\" > /dev/null\nif [[ $? != 0 ]] ; then\n    cat << EOM\nerror: The sandbox is not in sync with the Podfile.lock. Run 'pod install' or update your CocoaPods installation.\nEOM\n    exit 1\nfi\n";
			showEnvVarsInLog = 0;
		};
		CB2C8C95C5C00296645D866B /* 📦 Embed Pods Frameworks */ = {
			isa = PBXShellScriptBuildPhase;
			buildActionMask = 2147483647;
			files = (
			);
			inputPaths = (
			);
			name = "📦 Embed Pods Frameworks";
			outputPaths = (
			);
			runOnlyForDeploymentPostprocessing = 0;
			shellPath = /bin/sh;
			shellScript = "\"${SRCROOT}/Pods/Target Support Files/Pods-ObjcFacebookLoginApp/Pods-ObjcFacebookLoginApp-frameworks.sh\"\n";
			showEnvVarsInLog = 0;
		};
		E328FF1DB758904E966D1EBC /* 📦 Copy Pods Resources */ = {
			isa = PBXShellScriptBuildPhase;
			buildActionMask = 2147483647;
			files = (
			);
			inputPaths = (
			);
			name = "📦 Copy Pods Resources";
			outputPaths = (
			);
			runOnlyForDeploymentPostprocessing = 0;
			shellPath = /bin/sh;
			shellScript = "\"${SRCROOT}/Pods/Target Support Files/Pods-ObjcFacebookLoginApp/Pods-ObjcFacebookLoginApp-resources.sh\"\n";
			showEnvVarsInLog = 0;
		};
/* End PBXShellScriptBuildPhase section */

/* Begin PBXSourcesBuildPhase section */
		BDC3F58F1D06A8FD00CE83EF /* Sources */ = {
			isa = PBXSourcesBuildPhase;
			buildActionMask = 2147483647;
			files = (
				BDC3F59E1D06A8FD00CE83EF /* LoginViewController.m in Sources */,
				BDC3F59B1D06A8FD00CE83EF /* AppDelegate.m in Sources */,
				BDC3F5AE1D06B07900CE83EF /* LogoutViewController.m in Sources */,
				BDC3F5981D06A8FD00CE83EF /* main.m in Sources */,
			);
			runOnlyForDeploymentPostprocessing = 0;
		};
/* End PBXSourcesBuildPhase section */

/* Begin PBXVariantGroup section */
		BDC3F59F1D06A8FD00CE83EF /* Main.storyboard */ = {
			isa = PBXVariantGroup;
			children = (
				BDC3F5A01D06A8FD00CE83EF /* Base */,
			);
			name = Main.storyboard;
			sourceTree = "<group>";
		};
		BDC3F5A41D06A8FD00CE83EF /* LaunchScreen.storyboard */ = {
			isa = PBXVariantGroup;
			children = (
				BDC3F5A51D06A8FD00CE83EF /* Base */,
			);
			name = LaunchScreen.storyboard;
			sourceTree = "<group>";
		};
/* End PBXVariantGroup section */

/* Begin XCBuildConfiguration section */
		BDC3F5A81D06A8FD00CE83EF /* Debug */ = {
			isa = XCBuildConfiguration;
			buildSettings = {
				ALWAYS_SEARCH_USER_PATHS = NO;
				CLANG_CXX_LANGUAGE_STANDARD = "gnu++0x";
				CLANG_CXX_LIBRARY = "libc++";
				CLANG_ENABLE_MODULES = YES;
				CLANG_ENABLE_OBJC_ARC = YES;
				CLANG_WARN_BOOL_CONVERSION = YES;
				CLANG_WARN_CONSTANT_CONVERSION = YES;
				CLANG_WARN_DIRECT_OBJC_ISA_USAGE = YES_ERROR;
				CLANG_WARN_EMPTY_BODY = YES;
				CLANG_WARN_ENUM_CONVERSION = YES;
				CLANG_WARN_INT_CONVERSION = YES;
				CLANG_WARN_OBJC_ROOT_CLASS = YES_ERROR;
				CLANG_WARN_UNREACHABLE_CODE = YES;
				CLANG_WARN__DUPLICATE_METHOD_MATCH = YES;
				"CODE_SIGN_IDENTITY[sdk=iphoneos*]" = "iPhone Developer";
				COPY_PHASE_STRIP = NO;
				DEBUG_INFORMATION_FORMAT = dwarf;
				ENABLE_STRICT_OBJC_MSGSEND = YES;
				ENABLE_TESTABILITY = YES;
				GCC_C_LANGUAGE_STANDARD = gnu99;
				GCC_DYNAMIC_NO_PIC = NO;
				GCC_NO_COMMON_BLOCKS = YES;
				GCC_OPTIMIZATION_LEVEL = 0;
				GCC_PREPROCESSOR_DEFINITIONS = (
					"DEBUG=1",
					"$(inherited)",
				);
				GCC_WARN_64_TO_32_BIT_CONVERSION = YES;
				GCC_WARN_ABOUT_RETURN_TYPE = YES_ERROR;
				GCC_WARN_UNDECLARED_SELECTOR = YES;
				GCC_WARN_UNINITIALIZED_AUTOS = YES_AGGRESSIVE;
				GCC_WARN_UNUSED_FUNCTION = YES;
				GCC_WARN_UNUSED_VARIABLE = YES;
				IPHONEOS_DEPLOYMENT_TARGET = 9.2;
				MTL_ENABLE_DEBUG_INFO = YES;
				ONLY_ACTIVE_ARCH = YES;
				SDKROOT = iphoneos;
				TARGETED_DEVICE_FAMILY = "1,2";
			};
			name = Debug;
		};
		BDC3F5A91D06A8FD00CE83EF /* Release */ = {
			isa = XCBuildConfiguration;
			buildSettings = {
				ALWAYS_SEARCH_USER_PATHS = NO;
				CLANG_CXX_LANGUAGE_STANDARD = "gnu++0x";
				CLANG_CXX_LIBRARY = "libc++";
				CLANG_ENABLE_MODULES = YES;
				CLANG_ENABLE_OBJC_ARC = YES;
				CLANG_WARN_BOOL_CONVERSION = YES;
				CLANG_WARN_CONSTANT_CONVERSION = YES;
				CLANG_WARN_DIRECT_OBJC_ISA_USAGE = YES_ERROR;
				CLANG_WARN_EMPTY_BODY = YES;
				CLANG_WARN_ENUM_CONVERSION = YES;
				CLANG_WARN_INT_CONVERSION = YES;
				CLANG_WARN_OBJC_ROOT_CLASS = YES_ERROR;
				CLANG_WARN_UNREACHABLE_CODE = YES;
				CLANG_WARN__DUPLICATE_METHOD_MATCH = YES;
				"CODE_SIGN_IDENTITY[sdk=iphoneos*]" = "iPhone Developer";
				COPY_PHASE_STRIP = NO;
				DEBUG_INFORMATION_FORMAT = "dwarf-with-dsym";
				ENABLE_NS_ASSERTIONS = NO;
				ENABLE_STRICT_OBJC_MSGSEND = YES;
				GCC_C_LANGUAGE_STANDARD = gnu99;
				GCC_NO_COMMON_BLOCKS = YES;
				GCC_WARN_64_TO_32_BIT_CONVERSION = YES;
				GCC_WARN_ABOUT_RETURN_TYPE = YES_ERROR;
				GCC_WARN_UNDECLARED_SELECTOR = YES;
				GCC_WARN_UNINITIALIZED_AUTOS = YES_AGGRESSIVE;
				GCC_WARN_UNUSED_FUNCTION = YES;
				GCC_WARN_UNUSED_VARIABLE = YES;
				IPHONEOS_DEPLOYMENT_TARGET = 9.2;
				MTL_ENABLE_DEBUG_INFO = NO;
				SDKROOT = iphoneos;
				TARGETED_DEVICE_FAMILY = "1,2";
				VALIDATE_PRODUCT = YES;
			};
			name = Release;
		};
		BDC3F5AB1D06A8FD00CE83EF /* Debug */ = {
			isa = XCBuildConfiguration;
			baseConfigurationReference = 873B8C7E169E47CD686305AF /* Pods-ObjcFacebookLoginApp.debug.xcconfig */;
			buildSettings = {
				ASSETCATALOG_COMPILER_APPICON_NAME = AppIcon;
				INFOPLIST_FILE = ObjcFacebookLoginApp/Info.plist;
				IPHONEOS_DEPLOYMENT_TARGET = 8.0;
				LD_RUNPATH_SEARCH_PATHS = "$(inherited) @executable_path/Frameworks";
				PRODUCT_BUNDLE_IDENTIFIER = com.mobilebackend.niftycloud.ObjcFacebookLoginApp;
				PRODUCT_NAME = "$(TARGET_NAME)";
			};
			name = Debug;
		};
		BDC3F5AC1D06A8FD00CE83EF /* Release */ = {
			isa = XCBuildConfiguration;
			baseConfigurationReference = E30F9C76ECD4BC7611076626 /* Pods-ObjcFacebookLoginApp.release.xcconfig */;
			buildSettings = {
				ASSETCATALOG_COMPILER_APPICON_NAME = AppIcon;
				INFOPLIST_FILE = ObjcFacebookLoginApp/Info.plist;
				IPHONEOS_DEPLOYMENT_TARGET = 8.0;
				LD_RUNPATH_SEARCH_PATHS = "$(inherited) @executable_path/Frameworks";
				PRODUCT_BUNDLE_IDENTIFIER = com.mobilebackend.niftycloud.ObjcFacebookLoginApp;
				PRODUCT_NAME = "$(TARGET_NAME)";
			};
			name = Release;
		};
/* End XCBuildConfiguration section */

/* Begin XCConfigurationList section */
		BDC3F58E1D06A8FD00CE83EF /* Build configuration list for PBXProject "ObjcFacebookLoginApp" */ = {
			isa = XCConfigurationList;
			buildConfigurations = (
				BDC3F5A81D06A8FD00CE83EF /* Debug */,
				BDC3F5A91D06A8FD00CE83EF /* Release */,
			);
			defaultConfigurationIsVisible = 0;
			defaultConfigurationName = Release;
		};
		BDC3F5AA1D06A8FD00CE83EF /* Build configuration list for PBXNativeTarget "ObjcFacebookLoginApp" */ = {
			isa = XCConfigurationList;
			buildConfigurations = (
				BDC3F5AB1D06A8FD00CE83EF /* Debug */,
				BDC3F5AC1D06A8FD00CE83EF /* Release */,
			);
			defaultConfigurationIsVisible = 0;
			defaultConfigurationName = Release;
		};
/* End XCConfigurationList section */
	};
	rootObject = BDC3F58B1D06A8FD00CE83EF /* Project object */;
}
